
Microsoft Visual Studio Solution File, Format Version 12.00
# Visual Studio Version 17
VisualStudioVersion = 17.9.34728.123
MinimumVisualStudioVersion = 10.0.40219.1
Project("{9A19103F-16F7-4668-BE54-9A1E7A4F7556}") = "CopyRecipeBook.Web", "CopyRecipeBook.Web\CopyRecipeBook.Web.csproj", "{0EC906BC-BB40-4479-B3C0-AC117F999610}"
EndProject
Project("{2150E333-8FDC-42A3-9474-1A3956D46DE8}") = "Application", "Application", "{8BF1848D-45FF-4137-BF09-234353310E84}"
EndProject
Project("{2150E333-8FDC-42A3-9474-1A3956D46DE8}") = "Domain", "Domain", "{64EB5235-D833-4284-82EE-9F53962F40CC}"
EndProject
Project("{2150E333-8FDC-42A3-9474-1A3956D46DE8}") = "Infrastructure", "Infrastructure", "{9F038979-D633-4D78-B96C-5D76A36BA310}"
EndProject
Project("{2150E333-8FDC-42A3-9474-1A3956D46DE8}") = "Test", "Test", "{F9A5B775-E12B-4267-8ED7-D6D28A463373}"
EndProject
Project("{2150E333-8FDC-42A3-9474-1A3956D46DE8}") = "UI", "UI", "{AE5B1F18-A464-4BBD-AA98-873CAE063908}"
EndProject
Project("{9A19103F-16F7-4668-BE54-9A1E7A4F7556}") = "CopyRecipeBookMVC.Application", "CopyRecipeBookMVC.Application\CopyRecipeBookMVC.Application.csproj", "{5911CBDA-6CAB-46A8-BE3B-84E0703B9A1B}"
EndProject
Project("{9A19103F-16F7-4668-BE54-9A1E7A4F7556}") = "CopyRecipeBookMVC.Domain", "CopyRecipeBookMVC.Domain\CopyRecipeBookMVC.Domain.csproj", "{62AAB1E0-C7FF-411D-A8C2-E747E51C5985}"
EndProject
Project("{9A19103F-16F7-4668-BE54-9A1E7A4F7556}") = "CopyRecipeBookMVC.Infrastructure", "CopyRecipeBookMVC.Infrastructure\CopyRecipeBookMVC.Infrastructure.csproj", "{0D925DE9-CA8C-4F45-B037-B3E3FDA43C24}"
EndProject
Project("{9A19103F-16F7-4668-BE54-9A1E7A4F7556}") = "CopyRecipeBookMVC.Application.Test", "CopyRecipeBookMVC.Test\CopyRecipeBookMVC.Application.Test.csproj", "{231A79FB-51AC-4E32-AE4E-96504F7418C7}"
EndProject
Project("{FAE04EC0-301F-11D3-BF4B-00C04F79EFBC}") = "CopyRecipeBookApi", "CopyRecipeBookApi\CopyRecipeBookApi.csproj", "{671E5698-7E3E-458C-BC35-35DC12F36AA1}"
EndProject
Global
	GlobalSection(SolutionConfigurationPlatforms) = preSolution
		Debug|Any CPU = Debug|Any CPU
		Release|Any CPU = Release|Any CPU
	EndGlobalSection
	GlobalSection(ProjectConfigurationPlatforms) = postSolution
		{0EC906BC-BB40-4479-B3C0-AC117F999610}.Debug|Any CPU.ActiveCfg = Debug|Any CPU
		{0EC906BC-BB40-4479-B3C0-AC117F999610}.Debug|Any CPU.Build.0 = Debug|Any CPU
		{0EC906BC-BB40-4479-B3C0-AC117F999610}.Release|Any CPU.ActiveCfg = Release|Any CPU
		{0EC906BC-BB40-4479-B3C0-AC117F999610}.Release|Any CPU.Build.0 = Release|Any CPU
		{5911CBDA-6CAB-46A8-BE3B-84E0703B9A1B}.Debug|Any CPU.ActiveCfg = Debug|Any CPU
		{5911CBDA-6CAB-46A8-BE3B-84E0703B9A1B}.Debug|Any CPU.Build.0 = Debug|Any CPU
		{5911CBDA-6CAB-46A8-BE3B-84E0703B9A1B}.Release|Any CPU.ActiveCfg = Release|Any CPU
		{5911CBDA-6CAB-46A8-BE3B-84E0703B9A1B}.Release|Any CPU.Build.0 = Release|Any CPU
		{62AAB1E0-C7FF-411D-A8C2-E747E51C5985}.Debug|Any CPU.ActiveCfg = Debug|Any CPU
		{62AAB1E0-C7FF-411D-A8C2-E747E51C5985}.Debug|Any CPU.Build.0 = Debug|Any CPU
		{62AAB1E0-C7FF-411D-A8C2-E747E51C5985}.Release|Any CPU.ActiveCfg = Release|Any CPU
		{62AAB1E0-C7FF-411D-A8C2-E747E51C5985}.Release|Any CPU.Build.0 = Release|Any CPU
		{0D925DE9-CA8C-4F45-B037-B3E3FDA43C24}.Debug|Any CPU.ActiveCfg = Debug|Any CPU
		{0D925DE9-CA8C-4F45-B037-B3E3FDA43C24}.Debug|Any CPU.Build.0 = Debug|Any CPU
		{0D925DE9-CA8C-4F45-B037-B3E3FDA43C24}.Release|Any CPU.ActiveCfg = Release|Any CPU
		{0D925DE9-CA8C-4F45-B037-B3E3FDA43C24}.Release|Any CPU.Build.0 = Release|Any CPU
		{231A79FB-51AC-4E32-AE4E-96504F7418C7}.Debug|Any CPU.ActiveCfg = Debug|Any CPU
		{231A79FB-51AC-4E32-AE4E-96504F7418C7}.Debug|Any CPU.Build.0 = Debug|Any CPU
		{231A79FB-51AC-4E32-AE4E-96504F7418C7}.Release|Any CPU.ActiveCfg = Release|Any CPU
		{231A79FB-51AC-4E32-AE4E-96504F7418C7}.Release|Any CPU.Build.0 = Release|Any CPU
		{671E5698-7E3E-458C-BC35-35DC12F36AA1}.Debug|Any CPU.ActiveCfg = Debug|Any CPU
		{671E5698-7E3E-458C-BC35-35DC12F36AA1}.Debug|Any CPU.Build.0 = Debug|Any CPU
		{671E5698-7E3E-458C-BC35-35DC12F36AA1}.Release|Any CPU.ActiveCfg = Release|Any CPU
		{671E5698-7E3E-458C-BC35-35DC12F36AA1}.Release|Any CPU.Build.0 = Release|Any CPU
	EndGlobalSection
	GlobalSection(SolutionProperties) = preSolution
		HideSolutionNode = FALSE
	EndGlobalSection
	GlobalSection(NestedProjects) = preSolution
		{0EC906BC-BB40-4479-B3C0-AC117F999610} = {AE5B1F18-A464-4BBD-AA98-873CAE063908}
		{5911CBDA-6CAB-46A8-BE3B-84E0703B9A1B} = {8BF1848D-45FF-4137-BF09-234353310E84}
		{62AAB1E0-C7FF-411D-A8C2-E747E51C5985} = {64EB5235-D833-4284-82EE-9F53962F40CC}
		{0D925DE9-CA8C-4F45-B037-B3E3FDA43C24} = {9F038979-D633-4D78-B96C-5D76A36BA310}
		{231A79FB-51AC-4E32-AE4E-96504F7418C7} = {F9A5B775-E12B-4267-8ED7-D6D28A463373}
		{671E5698-7E3E-458C-BC35-35DC12F36AA1} = {AE5B1F18-A464-4BBD-AA98-873CAE063908}
	EndGlobalSection
	GlobalSection(ExtensibilityGlobals) = postSolution
		SolutionGuid = {CB4424D4-452B-47C8-A859-18BCA29B72C2}
	EndGlobalSection
EndGlobal
